Microsoft Visual Studio Solution File, Format Version 12.00
# Visual Studio Version 17
VisualStudioVersion = 17.0.31903.59
MinimumVisualStudioVersion = 10.0.40219.1
Project("{8BC9CEB8-8B4A-11D0-8D11-00A0C91BC942}") = "CornerGrocer", "CornerGrocer.vcxproj", "{B71232BA-56E5-44A1-AC3E-8F8367A8699E}"
EndProject
Global
	GlobalSection(SolutionConfigurationPlatforms) = preSolution
		Debug|x64 = Debug|x64
		Release|x64 = Release|x64
	EndGlobalSection
	GlobalSection(ProjectConfigurationPlatforms) = postSolution
		{B71232BA-56E5-44A1-AC3E-8F8367A8699E}.Debug|x64.ActiveCfg = Debug|x64
		{B71232BA-56E5-44A1-AC3E-8F8367A8699E}.Debug|x64.Build.0 = Debug|x64
		{B71232BA-56E5-44A1-AC3E-8F8367A8699E}.Release|x64.ActiveCfg = Release|x64
		{B71232BA-56E5-44A1-AC3E-8F8367A8699E}.Release|x64.Build.0 = Release|x64
	EndGlobalSection
	GlobalSection(SolutionProperties) = preSolution
		HideSolutionNode = FALSE
	EndGlobalSection
	GlobalSection(ExtensibilityGlobals) = postSolution
		SolutionGuid = {08E7A304-387F-4AAF-8B68-2587F7C3D902}
	EndGlobalSection
EndGlobal
